
Microsoft Visual Studio Solution File, Format Version 12.00
# Visual Studio Version 17
VisualStudioVersion = 17.7.34031.279
MinimumVisualStudioVersion = 10.0.40219.1
Project("{FAE04EC0-301F-11D3-BF4B-00C04F79EFBC}") = "simple-exercise", "simple-exercise\simple-exercise.csproj", "{C7966E6C-B440-4CEE-857C-3EF8412326D3}"
EndProject
Project("{FAE04EC0-301F-11D3-BF4B-00C04F79EFBC}") = "simple-exercise-1", "..\simple-exercise-1\simple-exercise-1.csproj", "{904E77FD-1CB6-4A9E-A001-1B767FA4FF1A}"
EndProject
Project("{FAE04EC0-301F-11D3-BF4B-00C04F79EFBC}") = "total-number", "..\total-number\total-number.csproj", "{C8CA2E6F-5F33-42AE-BDFC-7A96D607B1BD}"
EndProject
Project("{FAE04EC0-301F-11D3-BF4B-00C04F79EFBC}") = "arithmetic-operator-1", "..\arithmetic-operator-1\arithmetic-operator-1.csproj", "{EC86096C-80B9-4688-8B9A-C919837E197D}"
EndProject
Project("{FAE04EC0-301F-11D3-BF4B-00C04F79EFBC}") = "arithmetic-operator", "..\arithmetic-operator\arithmetic-operator.csproj", "{1FCAD0FF-7EC9-40E7-832D-4D9EF3BD7A58}"
EndProject
Project("{FAE04EC0-301F-11D3-BF4B-00C04F79EFBC}") = "increment", "..\increment\increment.csproj", "{781CD8E2-A182-47D4-88C6-56B26662A042}"
EndProject
Project("{FAE04EC0-301F-11D3-BF4B-00C04F79EFBC}") = "increment-1", "..\increment-1\increment-1.csproj", "{3F24C629-38F1-4987-8C7B-F1C7D82F2E40}"
EndProject
Project("{FAE04EC0-301F-11D3-BF4B-00C04F79EFBC}") = "decrement-increment", "..\decrement-increment\decrement-increment.csproj", "{A44F8F57-D6D4-44D1-9A54-0894B4F0D28A}"
EndProject
Project("{FAE04EC0-301F-11D3-BF4B-00C04F79EFBC}") = "boolean", "..\boolean\boolean.csproj", "{D048D874-72F0-4A71-8315-A1F426EC6C7F}"
EndProject
Global
	GlobalSection(SolutionConfigurationPlatforms) = preSolution
		Debug|Any CPU = Debug|Any CPU
		Release|Any CPU = Release|Any CPU
	EndGlobalSection
	GlobalSection(ProjectConfigurationPlatforms) = postSolution
		{C7966E6C-B440-4CEE-857C-3EF8412326D3}.Debug|Any CPU.ActiveCfg = Debug|Any CPU
		{C7966E6C-B440-4CEE-857C-3EF8412326D3}.Debug|Any CPU.Build.0 = Debug|Any CPU
		{C7966E6C-B440-4CEE-857C-3EF8412326D3}.Release|Any CPU.ActiveCfg = Release|Any CPU
		{C7966E6C-B440-4CEE-857C-3EF8412326D3}.Release|Any CPU.Build.0 = Release|Any CPU
		{904E77FD-1CB6-4A9E-A001-1B767FA4FF1A}.Debug|Any CPU.ActiveCfg = Debug|Any CPU
		{904E77FD-1CB6-4A9E-A001-1B767FA4FF1A}.Debug|Any CPU.Build.0 = Debug|Any CPU
		{904E77FD-1CB6-4A9E-A001-1B767FA4FF1A}.Release|Any CPU.ActiveCfg = Release|Any CPU
		{904E77FD-1CB6-4A9E-A001-1B767FA4FF1A}.Release|Any CPU.Build.0 = Release|Any CPU
		{C8CA2E6F-5F33-42AE-BDFC-7A96D607B1BD}.Debug|Any CPU.ActiveCfg = Debug|Any CPU
		{C8CA2E6F-5F33-42AE-BDFC-7A96D607B1BD}.Debug|Any CPU.Build.0 = Debug|Any CPU
		{C8CA2E6F-5F33-42AE-BDFC-7A96D607B1BD}.Release|Any CPU.ActiveCfg = Release|Any CPU
		{C8CA2E6F-5F33-42AE-BDFC-7A96D607B1BD}.Release|Any CPU.Build.0 = Release|Any CPU
		{EC86096C-80B9-4688-8B9A-C919837E197D}.Debug|Any CPU.ActiveCfg = Debug|Any CPU
		{EC86096C-80B9-4688-8B9A-C919837E197D}.Debug|Any CPU.Build.0 = Debug|Any CPU
		{EC86096C-80B9-4688-8B9A-C919837E197D}.Release|Any CPU.ActiveCfg = Release|Any CPU
		{EC86096C-80B9-4688-8B9A-C919837E197D}.Release|Any CPU.Build.0 = Release|Any CPU
		{1FCAD0FF-7EC9-40E7-832D-4D9EF3BD7A58}.Debug|Any CPU.ActiveCfg = Debug|Any CPU
		{1FCAD0FF-7EC9-40E7-832D-4D9EF3BD7A58}.Debug|Any CPU.Build.0 = Debug|Any CPU
		{1FCAD0FF-7EC9-40E7-832D-4D9EF3BD7A58}.Release|Any CPU.ActiveCfg = Release|Any CPU
		{1FCAD0FF-7EC9-40E7-832D-4D9EF3BD7A58}.Release|Any CPU.Build.0 = Release|Any CPU
		{781CD8E2-A182-47D4-88C6-56B26662A042}.Debug|Any CPU.ActiveCfg = Debug|Any CPU
		{781CD8E2-A182-47D4-88C6-56B26662A042}.Debug|Any CPU.Build.0 = Debug|Any CPU
		{781CD8E2-A182-47D4-88C6-56B26662A042}.Release|Any CPU.ActiveCfg = Release|Any CPU
		{781CD8E2-A182-47D4-88C6-56B26662A042}.Release|Any CPU.Build.0 = Release|Any CPU
		{3F24C629-38F1-4987-8C7B-F1C7D82F2E40}.Debug|Any CPU.ActiveCfg = Debug|Any CPU
		{3F24C629-38F1-4987-8C7B-F1C7D82F2E40}.Debug|Any CPU.Build.0 = Debug|Any CPU
		{3F24C629-38F1-4987-8C7B-F1C7D82F2E40}.Release|Any CPU.ActiveCfg = Release|Any CPU
		{3F24C629-38F1-4987-8C7B-F1C7D82F2E40}.Release|Any CPU.Build.0 = Release|Any CPU
		{A44F8F57-D6D4-44D1-9A54-0894B4F0D28A}.Debug|Any CPU.ActiveCfg = Debug|Any CPU
		{A44F8F57-D6D4-44D1-9A54-0894B4F0D28A}.Debug|Any CPU.Build.0 = Debug|Any CPU
		{A44F8F57-D6D4-44D1-9A54-0894B4F0D28A}.Release|Any CPU.ActiveCfg = Release|Any CPU
		{A44F8F57-D6D4-44D1-9A54-0894B4F0D28A}.Release|Any CPU.Build.0 = Release|Any CPU
		{D048D874-72F0-4A71-8315-A1F426EC6C7F}.Debug|Any CPU.ActiveCfg = Debug|Any CPU
		{D048D874-72F0-4A71-8315-A1F426EC6C7F}.Debug|Any CPU.Build.0 = Debug|Any CPU
		{D048D874-72F0-4A71-8315-A1F426EC6C7F}.Release|Any CPU.ActiveCfg = Release|Any CPU
		{D048D874-72F0-4A71-8315-A1F426EC6C7F}.Release|Any CPU.Build.0 = Release|Any CPU
	EndGlobalSection
	GlobalSection(SolutionProperties) = preSolution
		HideSolutionNode = FALSE
	EndGlobalSection
	GlobalSection(ExtensibilityGlobals) = postSolution
		SolutionGuid = {4E1F56E8-4E76-4C31-9FF5-C4DC0634BA8F}
	EndGlobalSection
EndGlobal
